
Microsoft Visual Studio Solution File, Format Version 12.00
Project("{FAE04EC0-301F-11D3-BF4B-00C04F79EFBC}") = "CaesarCipher", "CaesarCipher\CaesarCipher.csproj", "{74C022F6-690F-46FD-A84C-0862427671F2}"
EndProject
Global
	GlobalSection(SolutionConfigurationPlatforms) = preSolution
		Debug|Any CPU = Debug|Any CPU
		Release|Any CPU = Release|Any CPU
	EndGlobalSection
	GlobalSection(ProjectConfigurationPlatforms) = postSolution
		{74C022F6-690F-46FD-A84C-0862427671F2}.Debug|Any CPU.ActiveCfg = Debug|Any CPU
		{74C022F6-690F-46FD-A84C-0862427671F2}.Debug|Any CPU.Build.0 = Debug|Any CPU
		{74C022F6-690F-46FD-A84C-0862427671F2}.Release|Any CPU.ActiveCfg = Release|Any CPU
		{74C022F6-690F-46FD-A84C-0862427671F2}.Release|Any CPU.Build.0 = Release|Any CPU
	EndGlobalSection
EndGlobal
