
Microsoft Visual Studio Solution File, Format Version 12.00
# Visual Studio Version 16
VisualStudioVersion = 16.0.809.9
MinimumVisualStudioVersion = 10.0.40219.1
Project("{FAE04EC0-301F-11D3-BF4B-00C04F79EFBC}") = "K-th_Number", "K-th_Number.csproj", "{AE679D58-091F-43A8-87D2-EB6B88F20B17}"
EndProject
Global
	GlobalSection(SolutionConfigurationPlatforms) = preSolution
		Debug|anycpu = Debug|anycpu
		Release|anycpu = Release|anycpu
	EndGlobalSection
	GlobalSection(ProjectConfigurationPlatforms) = postSolution
		{AE679D58-091F-43A8-87D2-EB6B88F20B17}.Debug|anycpu.ActiveCfg = Debug|anycpu
		{AE679D58-091F-43A8-87D2-EB6B88F20B17}.Debug|anycpu.Build.0 = Debug|anycpu
		{AE679D58-091F-43A8-87D2-EB6B88F20B17}.Release|anycpu.ActiveCfg = Release|anycpu
		{AE679D58-091F-43A8-87D2-EB6B88F20B17}.Release|anycpu.Build.0 = Release|anycpu
	EndGlobalSection
	GlobalSection(SolutionProperties) = preSolution
		HideSolutionNode = FALSE
	EndGlobalSection
	GlobalSection(ExtensibilityGlobals) = postSolution
		SolutionGuid = {AD0DF845-55B5-4102-8E7E-5AF3366A4153}
	EndGlobalSection
EndGlobal
