
Microsoft Visual Studio Solution File, Format Version 12.00
# Visual Studio Version 16
VisualStudioVersion = 16.0.809.8
MinimumVisualStudioVersion = 10.0.40219.1
Project("{FAE04EC0-301F-11D3-BF4B-00C04F79EFBC}") = "Budget", "Budget.csproj", "{1E37F862-9DAA-4BA3-8246-08FA3AC6D290}"
EndProject
Global
	GlobalSection(SolutionConfigurationPlatforms) = preSolution
		Debug|anycpu = Debug|anycpu
		Release|anycpu = Release|anycpu
	EndGlobalSection
	GlobalSection(ProjectConfigurationPlatforms) = postSolution
		{1E37F862-9DAA-4BA3-8246-08FA3AC6D290}.Debug|anycpu.ActiveCfg = Debug|anycpu
		{1E37F862-9DAA-4BA3-8246-08FA3AC6D290}.Debug|anycpu.Build.0 = Debug|anycpu
		{1E37F862-9DAA-4BA3-8246-08FA3AC6D290}.Release|anycpu.ActiveCfg = Release|anycpu
		{1E37F862-9DAA-4BA3-8246-08FA3AC6D290}.Release|anycpu.Build.0 = Release|anycpu
	EndGlobalSection
	GlobalSection(SolutionProperties) = preSolution
		HideSolutionNode = FALSE
	EndGlobalSection
	GlobalSection(ExtensibilityGlobals) = postSolution
		SolutionGuid = {8D8969AC-84E2-43F7-A7EA-442C93F2B5C0}
	EndGlobalSection
EndGlobal
