
Microsoft Visual Studio Solution File, Format Version 12.00
# Visual Studio Version 16
VisualStudioVersion = 16.0.809.8
MinimumVisualStudioVersion = 10.0.40219.1
Project("{FAE04EC0-301F-11D3-BF4B-00C04F79EFBC}") = "Delivery", "Delivery.csproj", "{E5A9C88D-EC7E-4979-8FA6-FB19ED53001C}"
EndProject
Global
	GlobalSection(SolutionConfigurationPlatforms) = preSolution
		Debug|anycpu = Debug|anycpu
		Release|anycpu = Release|anycpu
	EndGlobalSection
	GlobalSection(ProjectConfigurationPlatforms) = postSolution
		{E5A9C88D-EC7E-4979-8FA6-FB19ED53001C}.Debug|anycpu.ActiveCfg = Debug|anycpu
		{E5A9C88D-EC7E-4979-8FA6-FB19ED53001C}.Debug|anycpu.Build.0 = Debug|anycpu
		{E5A9C88D-EC7E-4979-8FA6-FB19ED53001C}.Release|anycpu.ActiveCfg = Release|anycpu
		{E5A9C88D-EC7E-4979-8FA6-FB19ED53001C}.Release|anycpu.Build.0 = Release|anycpu
	EndGlobalSection
	GlobalSection(SolutionProperties) = preSolution
		HideSolutionNode = FALSE
	EndGlobalSection
	GlobalSection(ExtensibilityGlobals) = postSolution
		SolutionGuid = {8746D683-FFAD-49E4-9622-7F7C1A5A6EFB}
	EndGlobalSection
EndGlobal
