
Microsoft Visual Studio Solution File, Format Version 12.00
# Visual Studio Version 16
VisualStudioVersion = 16.0.809.10
MinimumVisualStudioVersion = 10.0.40219.1
Project("{FAE04EC0-301F-11D3-BF4B-00C04F79EFBC}") = "AddAbsolute", "AddAbsolute.csproj", "{1BB7C4C9-7C68-43C9-A4E9-C7C1F53000A9}"
EndProject
Global
	GlobalSection(SolutionConfigurationPlatforms) = preSolution
		Debug|anycpu = Debug|anycpu
		Release|anycpu = Release|anycpu
	EndGlobalSection
	GlobalSection(ProjectConfigurationPlatforms) = postSolution
		{1BB7C4C9-7C68-43C9-A4E9-C7C1F53000A9}.Debug|anycpu.ActiveCfg = Debug|anycpu
		{1BB7C4C9-7C68-43C9-A4E9-C7C1F53000A9}.Debug|anycpu.Build.0 = Debug|anycpu
		{1BB7C4C9-7C68-43C9-A4E9-C7C1F53000A9}.Release|anycpu.ActiveCfg = Release|anycpu
		{1BB7C4C9-7C68-43C9-A4E9-C7C1F53000A9}.Release|anycpu.Build.0 = Release|anycpu
	EndGlobalSection
	GlobalSection(SolutionProperties) = preSolution
		HideSolutionNode = FALSE
	EndGlobalSection
	GlobalSection(ExtensibilityGlobals) = postSolution
		SolutionGuid = {3B384F09-AE05-4A0A-9383-7286605F5C93}
	EndGlobalSection
EndGlobal
