
Microsoft Visual Studio Solution File, Format Version 12.00
# Visual Studio Version 16
VisualStudioVersion = 16.0.809.8
MinimumVisualStudioVersion = 10.0.40219.1
Project("{FAE04EC0-301F-11D3-BF4B-00C04F79EFBC}") = "Shiritori", "Shiritori.csproj", "{A0645CFB-68FB-42A7-9923-EA646BCA48AF}"
EndProject
Global
	GlobalSection(SolutionConfigurationPlatforms) = preSolution
		Debug|anycpu = Debug|anycpu
		Release|anycpu = Release|anycpu
	EndGlobalSection
	GlobalSection(ProjectConfigurationPlatforms) = postSolution
		{A0645CFB-68FB-42A7-9923-EA646BCA48AF}.Debug|anycpu.ActiveCfg = Debug|anycpu
		{A0645CFB-68FB-42A7-9923-EA646BCA48AF}.Debug|anycpu.Build.0 = Debug|anycpu
		{A0645CFB-68FB-42A7-9923-EA646BCA48AF}.Release|anycpu.ActiveCfg = Release|anycpu
		{A0645CFB-68FB-42A7-9923-EA646BCA48AF}.Release|anycpu.Build.0 = Release|anycpu
	EndGlobalSection
	GlobalSection(SolutionProperties) = preSolution
		HideSolutionNode = FALSE
	EndGlobalSection
	GlobalSection(ExtensibilityGlobals) = postSolution
		SolutionGuid = {937F684D-5BA9-4A38-9B61-E098D2C86309}
	EndGlobalSection
EndGlobal
